
Microsoft Visual Studio Solution File, Format Version 12.00
# Visual Studio Version 16
VisualStudioVersion = 16.0.31729.503
MinimumVisualStudioVersion = 10.0.40219.1
Project("{FAE04EC0-301F-11D3-BF4B-00C04F79EFBC}") = "Product manager", "Product manager\Product manager.csproj", "{6ED8FE62-1BED-4BFE-81CD-6C7892CD66F0}"
EndProject
Global
	GlobalSection(SolutionConfigurationPlatforms) = preSolution
		Debug|Any CPU = Debug|Any CPU
		Release|Any CPU = Release|Any CPU
	EndGlobalSection
	GlobalSection(ProjectConfigurationPlatforms) = postSolution
		{6ED8FE62-1BED-4BFE-81CD-6C7892CD66F0}.Debug|Any CPU.ActiveCfg = Debug|Any CPU
		{6ED8FE62-1BED-4BFE-81CD-6C7892CD66F0}.Debug|Any CPU.Build.0 = Debug|Any CPU
		{6ED8FE62-1BED-4BFE-81CD-6C7892CD66F0}.Release|Any CPU.ActiveCfg = Release|Any CPU
		{6ED8FE62-1BED-4BFE-81CD-6C7892CD66F0}.Release|Any CPU.Build.0 = Release|Any CPU
	EndGlobalSection
	GlobalSection(SolutionProperties) = preSolution
		HideSolutionNode = FALSE
	EndGlobalSection
	GlobalSection(ExtensibilityGlobals) = postSolution
		SolutionGuid = {AE6CA566-DA03-42A1-8ACD-C6E5FA927051}
	EndGlobalSection
EndGlobal
